
Microsoft Visual Studio Solution File, Format Version 12.00
# Visual Studio 15
VisualStudioVersion = 15.0.27428.2027
MinimumVisualStudioVersion = 10.0.40219.1
Project("{FAE04EC0-301F-11D3-BF4B-00C04F79EFBC}") = "CarroVirtual", "CarroVirtual\CarroVirtual.csproj", "{F6AFE918-BAB4-49F2-8F76-A8DA22A8B928}"
EndProject
Project("{FAE04EC0-301F-11D3-BF4B-00C04F79EFBC}") = "Pruebas", "Pruebas\Pruebas.csproj", "{88690CD6-8952-4F46-9CFB-43978D76D162}"
EndProject
Project("{FAE04EC0-301F-11D3-BF4B-00C04F79EFBC}") = "PruebasBDD", "PruebasBDD\PruebasBDD.csproj", "{1180F06C-A798-418B-9FFA-95F148079750}"
EndProject
Global
	GlobalSection(SolutionConfigurationPlatforms) = preSolution
		Debug|Any CPU = Debug|Any CPU
		Release|Any CPU = Release|Any CPU
	EndGlobalSection
	GlobalSection(ProjectConfigurationPlatforms) = postSolution
		{F6AFE918-BAB4-49F2-8F76-A8DA22A8B928}.Debug|Any CPU.ActiveCfg = Debug|Any CPU
		{F6AFE918-BAB4-49F2-8F76-A8DA22A8B928}.Debug|Any CPU.Build.0 = Debug|Any CPU
		{F6AFE918-BAB4-49F2-8F76-A8DA22A8B928}.Release|Any CPU.ActiveCfg = Release|Any CPU
		{F6AFE918-BAB4-49F2-8F76-A8DA22A8B928}.Release|Any CPU.Build.0 = Release|Any CPU
		{88690CD6-8952-4F46-9CFB-43978D76D162}.Debug|Any CPU.ActiveCfg = Debug|Any CPU
		{88690CD6-8952-4F46-9CFB-43978D76D162}.Debug|Any CPU.Build.0 = Debug|Any CPU
		{88690CD6-8952-4F46-9CFB-43978D76D162}.Release|Any CPU.ActiveCfg = Release|Any CPU
		{88690CD6-8952-4F46-9CFB-43978D76D162}.Release|Any CPU.Build.0 = Release|Any CPU
		{1180F06C-A798-418B-9FFA-95F148079750}.Debug|Any CPU.ActiveCfg = Debug|Any CPU
		{1180F06C-A798-418B-9FFA-95F148079750}.Debug|Any CPU.Build.0 = Debug|Any CPU
		{1180F06C-A798-418B-9FFA-95F148079750}.Release|Any CPU.ActiveCfg = Release|Any CPU
		{1180F06C-A798-418B-9FFA-95F148079750}.Release|Any CPU.Build.0 = Release|Any CPU
	EndGlobalSection
	GlobalSection(SolutionProperties) = preSolution
		HideSolutionNode = FALSE
	EndGlobalSection
	GlobalSection(ExtensibilityGlobals) = postSolution
		SolutionGuid = {D44B0ED6-BC73-434C-A37A-34EE9A3CFDB7}
	EndGlobalSection
EndGlobal
